{
  "pins" : [
    {
      "identity" : "purchases-hybrid-common",
      "kind" : "remoteSourceControl",
      "location" : "https://github.com/RevenueCat/purchases-hybrid-common.git",
      "state" : {
        "revision" : "852d2aa1751dfec60ef6625b1b93638275505345",
        "version" : "18.32.1"
      }
    },
    {
      "identity" : "purchases-ios-spm",
      "kind" : "remoteSourceControl",
      "location" : "https://github.com/RevenueCat/purchases-ios-spm",
      "state" : {
        "revision" : "1af9d1bf28df81af57a1958237c98bb562b8cc6b",
        "version" : "5.85.0"
      }
    }
  ],
  "version" : 2
}
